
Microsoft Visual Studio Solution File, Format Version 12.00
# Visual Studio 15
VisualStudioVersion = 15.0.27703.2042
MinimumVisualStudioVersion = 10.0.40219.1
Project("{FAE04EC0-301F-11D3-BF4B-00C04F79EFBC}") = "GenericRepositoryUnitOfWork", "GenericRepositoryUnitOfWork\GenericRepositoryUnitOfWork.csproj", "{6392FFE7-ADA9-4FFB-AE60-1F497811E700}"
EndProject
Global
	GlobalSection(SolutionConfigurationPlatforms) = preSolution
		Debug|Any CPU = Debug|Any CPU
		Release|Any CPU = Release|Any CPU
	EndGlobalSection
	GlobalSection(ProjectConfigurationPlatforms) = postSolution
		{6392FFE7-ADA9-4FFB-AE60-1F497811E700}.Debug|Any CPU.ActiveCfg = Debug|Any CPU
		{6392FFE7-ADA9-4FFB-AE60-1F497811E700}.Debug|Any CPU.Build.0 = Debug|Any CPU
		{6392FFE7-ADA9-4FFB-AE60-1F497811E700}.Release|Any CPU.ActiveCfg = Release|Any CPU
		{6392FFE7-ADA9-4FFB-AE60-1F497811E700}.Release|Any CPU.Build.0 = Release|Any CPU
	EndGlobalSection
	GlobalSection(SolutionProperties) = preSolution
		HideSolutionNode = FALSE
	EndGlobalSection
	GlobalSection(ExtensibilityGlobals) = postSolution
		SolutionGuid = {A2DA95A9-2892-4126-8A48-4058D14875E0}
	EndGlobalSection
EndGlobal
